
Microsoft Visual Studio Solution File, Format Version 12.00
# Visual Studio Version 17
VisualStudioVersion = 17.2.32616.157
MinimumVisualStudioVersion = 10.0.40219.1
Project("{FAE04EC0-301F-11D3-BF4B-00C04F79EFBC}") = "ComPractice", "ComPractice\ComPractice.csproj", "{A8C3EEF9-2860-4D61-AFDE-2D66A3937DF8}"
EndProject
Global
	GlobalSection(SolutionConfigurationPlatforms) = preSolution
		Debug|Any CPU = Debug|Any CPU
		Release|Any CPU = Release|Any CPU
	EndGlobalSection
	GlobalSection(ProjectConfigurationPlatforms) = postSolution
		{A8C3EEF9-2860-4D61-AFDE-2D66A3937DF8}.Debug|Any CPU.ActiveCfg = Debug|Any CPU
		{A8C3EEF9-2860-4D61-AFDE-2D66A3937DF8}.Debug|Any CPU.Build.0 = Debug|Any CPU
		{A8C3EEF9-2860-4D61-AFDE-2D66A3937DF8}.Release|Any CPU.ActiveCfg = Release|Any CPU
		{A8C3EEF9-2860-4D61-AFDE-2D66A3937DF8}.Release|Any CPU.Build.0 = Release|Any CPU
	EndGlobalSection
	GlobalSection(SolutionProperties) = preSolution
		HideSolutionNode = FALSE
	EndGlobalSection
	GlobalSection(ExtensibilityGlobals) = postSolution
		SolutionGuid = {3ED8F45D-5AD5-4379-B783-84AE1D5DEFF9}
	EndGlobalSection
EndGlobal
